
Microsoft Visual Studio Solution File, Format Version 12.00
# Visual Studio 15
VisualStudioVersion = 15.0.28307.539
MinimumVisualStudioVersion = 10.0.40219.1
Project("{151D2E53-A2C4-4D7D-83FE-D05416EBD58E}") = "NSG Web Subnet", "NSG Web Subnet\NSG Web Subnet.deployproj", "{F1EDA486-0327-41EB-A141-ED751BA07706}"
EndProject
Global
	GlobalSection(SolutionConfigurationPlatforms) = preSolution
		Debug|Any CPU = Debug|Any CPU
		Release|Any CPU = Release|Any CPU
	EndGlobalSection
	GlobalSection(ProjectConfigurationPlatforms) = postSolution
		{F1EDA486-0327-41EB-A141-ED751BA07706}.Debug|Any CPU.ActiveCfg = Debug|Any CPU
		{F1EDA486-0327-41EB-A141-ED751BA07706}.Debug|Any CPU.Build.0 = Debug|Any CPU
		{F1EDA486-0327-41EB-A141-ED751BA07706}.Release|Any CPU.ActiveCfg = Release|Any CPU
		{F1EDA486-0327-41EB-A141-ED751BA07706}.Release|Any CPU.Build.0 = Release|Any CPU
	EndGlobalSection
	GlobalSection(SolutionProperties) = preSolution
		HideSolutionNode = FALSE
	EndGlobalSection
	GlobalSection(ExtensibilityGlobals) = postSolution
		SolutionGuid = {C6E3180A-9319-4FF8-AC8D-74CE0CF70CF1}
	EndGlobalSection
EndGlobal
