
Microsoft Visual Studio Solution File, Format Version 12.00
# Visual Studio 15
VisualStudioVersion = 15.0.28307.539
MinimumVisualStudioVersion = 10.0.40219.1
Project("{151D2E53-A2C4-4D7D-83FE-D05416EBD58E}") = "Recovery Services Vault", "Recovery Services Vault\Recovery Services Vault.deployproj", "{0D2A891C-9305-464F-B4FF-4756FC1E58B9}"
EndProject
Global
	GlobalSection(SolutionConfigurationPlatforms) = preSolution
		Debug|Any CPU = Debug|Any CPU
		Release|Any CPU = Release|Any CPU
	EndGlobalSection
	GlobalSection(ProjectConfigurationPlatforms) = postSolution
		{0D2A891C-9305-464F-B4FF-4756FC1E58B9}.Debug|Any CPU.ActiveCfg = Debug|Any CPU
		{0D2A891C-9305-464F-B4FF-4756FC1E58B9}.Debug|Any CPU.Build.0 = Debug|Any CPU
		{0D2A891C-9305-464F-B4FF-4756FC1E58B9}.Release|Any CPU.ActiveCfg = Release|Any CPU
		{0D2A891C-9305-464F-B4FF-4756FC1E58B9}.Release|Any CPU.Build.0 = Release|Any CPU
	EndGlobalSection
	GlobalSection(SolutionProperties) = preSolution
		HideSolutionNode = FALSE
	EndGlobalSection
	GlobalSection(ExtensibilityGlobals) = postSolution
		SolutionGuid = {627E58C4-E1D0-4A93-B4D2-7DE02F0832D7}
	EndGlobalSection
EndGlobal
