
Microsoft Visual Studio Solution File, Format Version 12.00
# Visual Studio 15
VisualStudioVersion = 15.0.28307.539
MinimumVisualStudioVersion = 10.0.40219.1
Project("{151D2E53-A2C4-4D7D-83FE-D05416EBD58E}") = "VNET Resources", "VNET Resources\VNET Resources.deployproj", "{E9EF4EAC-69F7-4197-9382-254A73392AF1}"
EndProject
Global
	GlobalSection(SolutionConfigurationPlatforms) = preSolution
		Debug|Any CPU = Debug|Any CPU
		Release|Any CPU = Release|Any CPU
	EndGlobalSection
	GlobalSection(ProjectConfigurationPlatforms) = postSolution
		{E9EF4EAC-69F7-4197-9382-254A73392AF1}.Debug|Any CPU.ActiveCfg = Debug|Any CPU
		{E9EF4EAC-69F7-4197-9382-254A73392AF1}.Debug|Any CPU.Build.0 = Debug|Any CPU
		{E9EF4EAC-69F7-4197-9382-254A73392AF1}.Release|Any CPU.ActiveCfg = Release|Any CPU
		{E9EF4EAC-69F7-4197-9382-254A73392AF1}.Release|Any CPU.Build.0 = Release|Any CPU
	EndGlobalSection
	GlobalSection(SolutionProperties) = preSolution
		HideSolutionNode = FALSE
	EndGlobalSection
	GlobalSection(ExtensibilityGlobals) = postSolution
		SolutionGuid = {375DF7F3-090D-4E50-9701-328A686F62AB}
	EndGlobalSection
EndGlobal
