
Microsoft Visual Studio Solution File, Format Version 12.00
# Visual Studio 15
VisualStudioVersion = 15.0.28307.539
MinimumVisualStudioVersion = 10.0.40219.1
Project("{151D2E53-A2C4-4D7D-83FE-D05416EBD58E}") = "AzureResourceGroup1", "AzureResourceGroup1\AzureResourceGroup1.deployproj", "{8364BF68-B333-4504-B91C-20EDAEAEC73F}"
EndProject
Global
	GlobalSection(SolutionConfigurationPlatforms) = preSolution
		Debug|Any CPU = Debug|Any CPU
		Release|Any CPU = Release|Any CPU
	EndGlobalSection
	GlobalSection(ProjectConfigurationPlatforms) = postSolution
		{8364BF68-B333-4504-B91C-20EDAEAEC73F}.Debug|Any CPU.ActiveCfg = Debug|Any CPU
		{8364BF68-B333-4504-B91C-20EDAEAEC73F}.Debug|Any CPU.Build.0 = Debug|Any CPU
		{8364BF68-B333-4504-B91C-20EDAEAEC73F}.Release|Any CPU.ActiveCfg = Release|Any CPU
		{8364BF68-B333-4504-B91C-20EDAEAEC73F}.Release|Any CPU.Build.0 = Release|Any CPU
	EndGlobalSection
	GlobalSection(SolutionProperties) = preSolution
		HideSolutionNode = FALSE
	EndGlobalSection
	GlobalSection(ExtensibilityGlobals) = postSolution
		SolutionGuid = {0FBF9322-7D21-49C2-88D5-C20114D63477}
	EndGlobalSection
EndGlobal
