
Microsoft Visual Studio Solution File, Format Version 12.00
# Visual Studio 15
VisualStudioVersion = 15.0.28307.539
MinimumVisualStudioVersion = 10.0.40219.1
Project("{151D2E53-A2C4-4D7D-83FE-D05416EBD58E}") = "VNET Transit Gateway", "VNET Transit Gateway\VNET Transit Gateway.deployproj", "{90598836-F6D3-420C-BB3D-B90ABA8BD40F}"
EndProject
Global
	GlobalSection(SolutionConfigurationPlatforms) = preSolution
		Debug|Any CPU = Debug|Any CPU
		Release|Any CPU = Release|Any CPU
	EndGlobalSection
	GlobalSection(ProjectConfigurationPlatforms) = postSolution
		{90598836-F6D3-420C-BB3D-B90ABA8BD40F}.Debug|Any CPU.ActiveCfg = Debug|Any CPU
		{90598836-F6D3-420C-BB3D-B90ABA8BD40F}.Debug|Any CPU.Build.0 = Debug|Any CPU
		{90598836-F6D3-420C-BB3D-B90ABA8BD40F}.Release|Any CPU.ActiveCfg = Release|Any CPU
		{90598836-F6D3-420C-BB3D-B90ABA8BD40F}.Release|Any CPU.Build.0 = Release|Any CPU
	EndGlobalSection
	GlobalSection(SolutionProperties) = preSolution
		HideSolutionNode = FALSE
	EndGlobalSection
	GlobalSection(ExtensibilityGlobals) = postSolution
		SolutionGuid = {86C3F7B1-49AD-4DAB-A52C-5E0EED135FDD}
	EndGlobalSection
EndGlobal
