
Microsoft Visual Studio Solution File, Format Version 12.00
# Visual Studio 15
VisualStudioVersion = 15.0.28307.539
MinimumVisualStudioVersion = 10.0.40219.1
Project("{151D2E53-A2C4-4D7D-83FE-D05416EBD58E}") = "NSG Database Subnet", "NSG Database Subnet\NSG Database Subnet.deployproj", "{A28FFBD2-07F2-4CE7-8D44-82812C10710F}"
EndProject
Global
	GlobalSection(SolutionConfigurationPlatforms) = preSolution
		Debug|Any CPU = Debug|Any CPU
		Release|Any CPU = Release|Any CPU
	EndGlobalSection
	GlobalSection(ProjectConfigurationPlatforms) = postSolution
		{A28FFBD2-07F2-4CE7-8D44-82812C10710F}.Debug|Any CPU.ActiveCfg = Debug|Any CPU
		{A28FFBD2-07F2-4CE7-8D44-82812C10710F}.Debug|Any CPU.Build.0 = Debug|Any CPU
		{A28FFBD2-07F2-4CE7-8D44-82812C10710F}.Release|Any CPU.ActiveCfg = Release|Any CPU
		{A28FFBD2-07F2-4CE7-8D44-82812C10710F}.Release|Any CPU.Build.0 = Release|Any CPU
	EndGlobalSection
	GlobalSection(SolutionProperties) = preSolution
		HideSolutionNode = FALSE
	EndGlobalSection
	GlobalSection(ExtensibilityGlobals) = postSolution
		SolutionGuid = {97C79CDD-BA57-4C55-BB9A-DA888EA3DAE6}
	EndGlobalSection
EndGlobal
