
Microsoft Visual Studio Solution File, Format Version 12.00
# Visual Studio 15
VisualStudioVersion = 15.0.28307.539
MinimumVisualStudioVersion = 10.0.40219.1
Project("{151D2E53-A2C4-4D7D-83FE-D05416EBD58E}") = "NSG Management Subnet", "NSG Management Subnet\NSG Management Subnet.deployproj", "{07EBC756-1178-46C6-A2F1-80E0698B0C15}"
EndProject
Global
	GlobalSection(SolutionConfigurationPlatforms) = preSolution
		Debug|Any CPU = Debug|Any CPU
		Release|Any CPU = Release|Any CPU
	EndGlobalSection
	GlobalSection(ProjectConfigurationPlatforms) = postSolution
		{07EBC756-1178-46C6-A2F1-80E0698B0C15}.Debug|Any CPU.ActiveCfg = Debug|Any CPU
		{07EBC756-1178-46C6-A2F1-80E0698B0C15}.Debug|Any CPU.Build.0 = Debug|Any CPU
		{07EBC756-1178-46C6-A2F1-80E0698B0C15}.Release|Any CPU.ActiveCfg = Release|Any CPU
		{07EBC756-1178-46C6-A2F1-80E0698B0C15}.Release|Any CPU.Build.0 = Release|Any CPU
	EndGlobalSection
	GlobalSection(SolutionProperties) = preSolution
		HideSolutionNode = FALSE
	EndGlobalSection
	GlobalSection(ExtensibilityGlobals) = postSolution
		SolutionGuid = {39E9034C-CA80-4CEF-B33C-FF0E9BD8AE90}
	EndGlobalSection
EndGlobal
